
Microsoft Visual Studio Solution File, Format Version 12.00
# Visual Studio Version 16
VisualStudioVersion = 16.0.31105.61
MinimumVisualStudioVersion = 10.0.40219.1
Project("{FAE04EC0-301F-11D3-BF4B-00C04F79EFBC}") = "assignment1", "assignment1\assignment1.csproj", "{533FC79E-833C-4AE1-B37F-D8D38F4D400E}"
EndProject
Global
	GlobalSection(SolutionConfigurationPlatforms) = preSolution
		Debug|Any CPU = Debug|Any CPU
		Release|Any CPU = Release|Any CPU
	EndGlobalSection
	GlobalSection(ProjectConfigurationPlatforms) = postSolution
		{533FC79E-833C-4AE1-B37F-D8D38F4D400E}.Debug|Any CPU.ActiveCfg = Debug|Any CPU
		{533FC79E-833C-4AE1-B37F-D8D38F4D400E}.Debug|Any CPU.Build.0 = Debug|Any CPU
		{533FC79E-833C-4AE1-B37F-D8D38F4D400E}.Release|Any CPU.ActiveCfg = Release|Any CPU
		{533FC79E-833C-4AE1-B37F-D8D38F4D400E}.Release|Any CPU.Build.0 = Release|Any CPU
	EndGlobalSection
	GlobalSection(SolutionProperties) = preSolution
		HideSolutionNode = FALSE
	EndGlobalSection
	GlobalSection(ExtensibilityGlobals) = postSolution
		SolutionGuid = {30A15219-CCE9-482D-8479-07DCCC491EA7}
	EndGlobalSection
EndGlobal
