
Microsoft Visual Studio Solution File, Format Version 12.00
# Visual Studio Version 16
VisualStudioVersion = 16.0.31105.61
MinimumVisualStudioVersion = 10.0.40219.1
Project("{FAE04EC0-301F-11D3-BF4B-00C04F79EFBC}") = "assignment2", "assignment2\assignment2.csproj", "{B700BF5A-5C47-4635-B3EB-2865F865C1AE}"
EndProject
Project("{FAE04EC0-301F-11D3-BF4B-00C04F79EFBC}") = "Testing", "Testing\Testing.csproj", "{010F5255-229F-41A9-A9D7-4A012841C6E9}"
EndProject
Global
	GlobalSection(SolutionConfigurationPlatforms) = preSolution
		Debug|Any CPU = Debug|Any CPU
		Release|Any CPU = Release|Any CPU
	EndGlobalSection
	GlobalSection(ProjectConfigurationPlatforms) = postSolution
		{B700BF5A-5C47-4635-B3EB-2865F865C1AE}.Debug|Any CPU.ActiveCfg = Debug|Any CPU
		{B700BF5A-5C47-4635-B3EB-2865F865C1AE}.Debug|Any CPU.Build.0 = Debug|Any CPU
		{B700BF5A-5C47-4635-B3EB-2865F865C1AE}.Release|Any CPU.ActiveCfg = Release|Any CPU
		{B700BF5A-5C47-4635-B3EB-2865F865C1AE}.Release|Any CPU.Build.0 = Release|Any CPU
		{010F5255-229F-41A9-A9D7-4A012841C6E9}.Debug|Any CPU.ActiveCfg = Debug|Any CPU
		{010F5255-229F-41A9-A9D7-4A012841C6E9}.Debug|Any CPU.Build.0 = Debug|Any CPU
		{010F5255-229F-41A9-A9D7-4A012841C6E9}.Release|Any CPU.ActiveCfg = Release|Any CPU
		{010F5255-229F-41A9-A9D7-4A012841C6E9}.Release|Any CPU.Build.0 = Release|Any CPU
	EndGlobalSection
	GlobalSection(SolutionProperties) = preSolution
		HideSolutionNode = FALSE
	EndGlobalSection
	GlobalSection(ExtensibilityGlobals) = postSolution
		SolutionGuid = {BA3DCF69-244F-4944-A071-6D8CE97E0BCE}
	EndGlobalSection
EndGlobal
